Microsoft Visual Studio Solution File, Format Version 12.00
# Visual Studio Version 16
VisualStudioVersion = 16.0.0.0
MinimumVisualStudioVersion = 16.0.0.0
Project("{9A19103F-16F7-4668-BE54-9A1E7A4F7556}") = "BlazorWASM.BFF", "BlazorWASM.BFF\BlazorWASM.BFF.csproj", "{84FEB162-37EA-4D4B-B194-CBDE0E02B3A9}"
EndProject
Project("{9A19103F-16F7-4668-BE54-9A1E7A4F7556}") = "BlazorWASM.BFF.Client", "BlazorWASM.BFF.Client\BlazorWASM.BFF.Client.csproj", "{C2BF74E5-1DC1-4947-B7E1-B16C68C01EE5}"
EndProject
Global
	GlobalSection(SolutionConfigurationPlatforms) = preSolution
		Debug|Any CPU = Debug|Any CPU
		Debug|x64 = Debug|x64
		Debug|x86 = Debug|x86
		Release|Any CPU = Release|Any CPU
		Release|x64 = Release|x64
		Release|x86 = Release|x86
	EndGlobalSection
	GlobalSection(ProjectConfigurationPlatforms) = postSolution
		{C2BF74E5-1DC1-4947-B7E1-B16C68C01EE5}.Debug|Any CPU.ActiveCfg = Debug|Any CPU
		{C2BF74E5-1DC1-4947-B7E1-B16C68C01EE5}.Debug|Any CPU.Build.0 = Debug|Any CPU
		{C2BF74E5-1DC1-4947-B7E1-B16C68C01EE5}.Debug|x64.ActiveCfg = Debug|Any CPU
		{C2BF74E5-1DC1-4947-B7E1-B16C68C01EE5}.Debug|x64.Build.0 = Debug|Any CPU
		{C2BF74E5-1DC1-4947-B7E1-B16C68C01EE5}.Debug|x86.ActiveCfg = Debug|Any CPU
		{C2BF74E5-1DC1-4947-B7E1-B16C68C01EE5}.Debug|x86.Build.0 = Debug|Any CPU
		{C2BF74E5-1DC1-4947-B7E1-B16C68C01EE5}.Release|Any CPU.ActiveCfg = Release|Any CPU
		{C2BF74E5-1DC1-4947-B7E1-B16C68C01EE5}.Release|Any CPU.Build.0 = Release|Any CPU
		{C2BF74E5-1DC1-4947-B7E1-B16C68C01EE5}.Release|x64.ActiveCfg = Release|Any CPU
		{C2BF74E5-1DC1-4947-B7E1-B16C68C01EE5}.Release|x64.Build.0 = Release|Any CPU
		{C2BF74E5-1DC1-4947-B7E1-B16C68C01EE5}.Release|x86.ActiveCfg = Release|Any CPU
		{C2BF74E5-1DC1-4947-B7E1-B16C68C01EE5}.Release|x86.Build.0 = Release|Any CPU
		{84FEB162-37EA-4D4B-B194-CBDE0E02B3A9}.Debug|Any CPU.ActiveCfg = Debug|Any CPU
		{84FEB162-37EA-4D4B-B194-CBDE0E02B3A9}.Debug|Any CPU.Build.0 = Debug|Any CPU
		{84FEB162-37EA-4D4B-B194-CBDE0E02B3A9}.Debug|x64.ActiveCfg = Debug|Any CPU
		{84FEB162-37EA-4D4B-B194-CBDE0E02B3A9}.Debug|x64.Build.0 = Debug|Any CPU
		{84FEB162-37EA-4D4B-B194-CBDE0E02B3A9}.Debug|x86.ActiveCfg = Debug|Any CPU
		{84FEB162-37EA-4D4B-B194-CBDE0E02B3A9}.Debug|x86.Build.0 = Debug|Any CPU
		{84FEB162-37EA-4D4B-B194-CBDE0E02B3A9}.Release|Any CPU.ActiveCfg = Release|Any CPU
		{84FEB162-37EA-4D4B-B194-CBDE0E02B3A9}.Release|Any CPU.Build.0 = Release|Any CPU
		{84FEB162-37EA-4D4B-B194-CBDE0E02B3A9}.Release|x64.ActiveCfg = Release|Any CPU
		{84FEB162-37EA-4D4B-B194-CBDE0E02B3A9}.Release|x64.Build.0 = Release|Any CPU
		{84FEB162-37EA-4D4B-B194-CBDE0E02B3A9}.Release|x86.ActiveCfg = Release|Any CPU
		{84FEB162-37EA-4D4B-B194-CBDE0E02B3A9}.Release|x86.Build.0 = Release|Any CPU
	EndGlobalSection
	GlobalSection(SolutionProperties) = preSolution
		HideSolutionNode = FALSE
	EndGlobalSection
	GlobalSection(ExtensibilityGlobals) = postSolution
		SolutionGuid = {6E7A2A54-6CB9-49B2-9CF4-58513F8615D1}
	EndGlobalSection
EndGlobal
